Microsoft Visual Studio Solution File, Format Version 11.00
# Visual Studio 2008

Project("{BBF7349C-A8C3-0904-0500-DA3821E84A56}") = "LearningCode", "Assembly-CSharp.csproj", "{0824DBA5-48A5-7E5B-B2C0-E3CC51037A5A}"
EndProject
Global
	GlobalSection(SolutionConfigurationPlatforms) = preSolution
		Debug|Any CPU = Debug|Any CPU
		Release|Any CPU = Release|Any CPU
	EndGlobalSection
	GlobalSection(ProjectConfigurationPlatforms) = postSolution
		{0824DBA5-48A5-7E5B-B2C0-E3CC51037A5A}.Debug|Any CPU.ActiveCfg = Debug|Any CPU
		{0824DBA5-48A5-7E5B-B2C0-E3CC51037A5A}.Debug|Any CPU.Build.0 = Debug|Any CPU
		{0824DBA5-48A5-7E5B-B2C0-E3CC51037A5A}.Release|Any CPU.ActiveCfg = Release|Any CPU
		{0824DBA5-48A5-7E5B-B2C0-E3CC51037A5A}.Release|Any CPU.Build.0 = Release|Any CPU
	EndGlobalSection
	GlobalSection(SolutionProperties) = preSolution
		HideSolutionNode = FALSE
	EndGlobalSection
	GlobalSection(MonoDevelopProperties) = preSolution
		StartupItem = Assembly-CSharp.csproj
	EndGlobalSection
EndGlobal
